
Microsoft Visual Studio Solution File, Format Version 12.00
# Visual Studio Version 17
VisualStudioVersion = 17.11.35312.102
MinimumVisualStudioVersion = 10.0.40219.1
Project("{FAE04EC0-301F-11D3-BF4B-00C04F79EFBC}") = "finalemlak", "finalemlak\finalemlak.csproj", "{86318449-E27D-4F5D-BA67-E2C6BCF2C91A}"
EndProject
Project("{FAE04EC0-301F-11D3-BF4B-00C04F79EFBC}") = "EmlakciLib", "EmlakciLib\EmlakciLib.csproj", "{BF7D8A56-75E9-415C-B6A3-484D400721E6}"
EndProject
Global
	GlobalSection(SolutionConfigurationPlatforms) = preSolution
		Debug|Any CPU = Debug|Any CPU
		Release|Any CPU = Release|Any CPU
	EndGlobalSection
	GlobalSection(ProjectConfigurationPlatforms) = postSolution
		{86318449-E27D-4F5D-BA67-E2C6BCF2C91A}.Debug|Any CPU.ActiveCfg = Debug|Any CPU
		{86318449-E27D-4F5D-BA67-E2C6BCF2C91A}.Debug|Any CPU.Build.0 = Debug|Any CPU
		{86318449-E27D-4F5D-BA67-E2C6BCF2C91A}.Release|Any CPU.ActiveCfg = Release|Any CPU
		{86318449-E27D-4F5D-BA67-E2C6BCF2C91A}.Release|Any CPU.Build.0 = Release|Any CPU
		{BF7D8A56-75E9-415C-B6A3-484D400721E6}.Debug|Any CPU.ActiveCfg = Debug|Any CPU
		{BF7D8A56-75E9-415C-B6A3-484D400721E6}.Debug|Any CPU.Build.0 = Debug|Any CPU
		{BF7D8A56-75E9-415C-B6A3-484D400721E6}.Release|Any CPU.ActiveCfg = Release|Any CPU
		{BF7D8A56-75E9-415C-B6A3-484D400721E6}.Release|Any CPU.Build.0 = Release|Any CPU
	EndGlobalSection
	GlobalSection(SolutionProperties) = preSolution
		HideSolutionNode = FALSE
	EndGlobalSection
	GlobalSection(ExtensibilityGlobals) = postSolution
		SolutionGuid = {29EB1A3C-9A28-4096-A2B8-9C981AF445A2}
	EndGlobalSection
EndGlobal
